{
    "_readme": [
        "This file locks the dependencies of your project to a known state",
        "Read more about it at https://getcomposer.org/doc/01-basic-usage.md#composer-lock-the-lock-file",
        "This file is @generated automatically"
    ],
    "content-hash": "7671ed26a58a4483aec0309faccd744c",
    "packages": [],
    "packages-dev": [
        {
            "name": "heroku/heroku-buildpack-php",
            "version": "v132",
            "source": {
                "type": "git",
                "url": "https://github.com/heroku/heroku-buildpack-php.git",
                "reference": "dd950a605fb0c5e50ab71774e299fa26c9093f80"
            },
            "dist": {
                "type": "zip",
                "url": "https://api.github.com/repos/heroku/heroku-buildpack-php/zipball/dd950a605fb0c5e50ab71774e299fa26c9093f80",
                "reference": "dd950a605fb0c5e50ab71774e299fa26c9093f80",
                "shasum": ""
            },
            "bin": [
                "bin/heroku-hhvm-apache2",
                "bin/heroku-hhvm-nginx",
                "bin/heroku-php-apache2",
                "bin/heroku-php-nginx"
            ],
            "type": "library",
            "notification-url": "https://packagist.org/downloads/",
            "license": [
                "MIT"
            ],
            "authors": [
                {
                    "name": "David Zuelke",
                    "email": "dz@heroku.com"
                }
            ],
            "description": "Toolkit for starting a PHP application locally, with or without foreman, using the same config for PHP/HHVM and Apache2/Nginx as on Heroku",
            "homepage": "https://github.com/heroku/heroku-buildpack-php",
            "keywords": [
                "apache",
                "apache2",
                "foreman",
                "heroku",
                "hhvm",
                "nginx",
                "php"
            ],
            "time": "2018-03-02T17:10:10+00:00"
        }
    ],
    "aliases": [],
    "minimum-stability": "stable",
    "stability-flags": [],
    "prefer-stable": false,
    "prefer-lowest": false,
    "platform": {
        "php": ">=7.2.3",
        "ext-apcu": "*",
        "ext-mbstring": "*"
    },
    "platform-dev": []
}
